
Microsoft Visual Studio Solution File, Format Version 12.00
# Visual Studio 2013
VisualStudioVersion = 12.0.31101.0
MinimumVisualStudioVersion = 10.0.40219.1
Project("{2150E333-8FDC-42A3-9474-1A3956D46DE8}") = "Updates", "Updates", "{D315AE75-39E7-4548-BC60-848F9357E0D4}"
	ProjectSection(SolutionItems) = preProject
		update info.txt = update info.txt
		update-html.xsl = update-html.xsl
		update.xml = update.xml
		updater.xml = updater.xml
	EndProjectSection
EndProject
Project("{FAE04EC0-301F-11D3-BF4B-00C04F79EFBC}") = "HomeSimCockpit", "DomowyPanelApp\HomeSimCockpit.csproj", "{AB355C69-16BF-4537-BC82-44C89E03DB07}"
EndProject
Project("{FAE04EC0-301F-11D3-BF4B-00C04F79EFBC}") = "HomeSimCockpitSDK", "DomowyPanelSDK\HomeSimCockpitSDK.csproj", "{DE369161-CA79-4C0D-BD34-2CA4D1925182}"
EndProject
Project("{FAE04EC0-301F-11D3-BF4B-00C04F79EFBC}") = "ModulyTestowe", "ModulyTestowe\ModulyTestowe.csproj", "{C5B862EC-DEB8-40DC-BEED-DB6C51937628}"
EndProject
Project("{FAE04EC0-301F-11D3-BF4B-00C04F79EFBC}") = "simOUT", "RS232HCDevices\simOUT.csproj", "{517B3271-D944-4FCF-90B8-EC0464E9C23C}"
EndProject
Project("{FAE04EC0-301F-11D3-BF4B-00C04F79EFBC}") = "FSXData", "FSXData\FSXData.csproj", "{860D8755-A37A-46B8-AA91-5E7459DA38FA}"
EndProject
Project("{FAE04EC0-301F-11D3-BF4B-00C04F79EFBC}") = "FalconData", "FalconData\FalconData.csproj", "{46B1BFF6-2C53-4E02-B67A-7559AC206C07}"
EndProject
Project("{FAE04EC0-301F-11D3-BF4B-00C04F79EFBC}") = "HomeSimCockpitX", "HomeCockpitX\HomeSimCockpitX.csproj", "{99698200-ED0F-42F0-9FF0-531900F6C61B}"
EndProject
Project("{FAE04EC0-301F-11D3-BF4B-00C04F79EFBC}") = "DataViaNetwork", "DataViaNetwork\DataViaNetwork.csproj", "{7EBA409C-3EF5-4FA7-9C19-029C75AFE967}"
EndProject
Project("{FAE04EC0-301F-11D3-BF4B-00C04F79EFBC}") = "FSData", "FSData\FSData.csproj", "{CBEAD09B-5973-41F4-9A55-BB68C1FE3E20}"
EndProject
Project("{FAE04EC0-301F-11D3-BF4B-00C04F79EFBC}") = "GameControllers", "GameControllers\GameControllers.csproj", "{04F0B502-046F-48F3-AA93-1C2633593126}"
EndProject
Project("{FAE04EC0-301F-11D3-BF4B-00C04F79EFBC}") = "Keyboard", "Keyboard\Keyboard.csproj", "{84FDE43B-F0D2-44BB-9F1C-E7B0FDA011C1}"
EndProject
Project("{FAE04EC0-301F-11D3-BF4B-00C04F79EFBC}") = "SkalarkiIO", "SkalarkiIO\SkalarkiIO.csproj", "{3ECF7CE3-D94F-447E-A530-3DA6B269C6BA}"
EndProject
Project("{FAE04EC0-301F-11D3-BF4B-00C04F79EFBC}") = "LCDOnLPT", "LCDOnLPT\LCDOnLPT.csproj", "{D0AE9027-0004-4344-A4C2-5C94C177FB29}"
EndProject
Project("{FAE04EC0-301F-11D3-BF4B-00C04F79EFBC}") = "TestApp", "TestApp\TestApp.csproj", "{A12A410A-6F55-4123-9FD8-3E999AADDC3F}"
EndProject
Project("{FAE04EC0-301F-11D3-BF4B-00C04F79EFBC}") = "Mouse", "Mouse\Mouse.csproj", "{5075794E-4439-4C93-AC6B-8597FE930FB1}"
EndProject
Project("{FAE04EC0-301F-11D3-BF4B-00C04F79EFBC}") = "Timer", "Timer\Timer.csproj", "{F1F45187-8C68-4C16-88AF-FA9AA6D9A36B}"
EndProject
Project("{FAE04EC0-301F-11D3-BF4B-00C04F79EFBC}") = "RSSReader", "RSSReader\RSSReader.csproj", "{9DFD7411-1FCA-40D6-8A3C-ECCB4C8D3B38}"
EndProject
Project("{FAE04EC0-301F-11D3-BF4B-00C04F79EFBC}") = "Updater", "Updater\Updater.csproj", "{1FE3580E-6B00-4F68-81CB-199FD5A17368}"
EndProject
Project("{FAE04EC0-301F-11D3-BF4B-00C04F79EFBC}") = "OC", "OC\OC.csproj", "{A74C5D53-7001-4DE4-B33B-E8FB5921D94F}"
EndProject
Project("{FAE04EC0-301F-11D3-BF4B-00C04F79EFBC}") = "PPJoyControl", "PPJoyControl\PPJoyControl.csproj", "{E2449A60-B32F-4C4D-855E-7F7C42305A99}"
EndProject
Project("{FAE04EC0-301F-11D3-BF4B-00C04F79EFBC}") = "GraphicPanel", "GraphicPanel\GraphicPanel.csproj", "{7069571E-06C9-4CBE-B7CF-5AB322DB9B3E}"
EndProject
Project("{FAE04EC0-301F-11D3-BF4B-00C04F79EFBC}") = "HttpServer", "HttpServer\HttpServer.csproj", "{192EA024-376D-4DA9-817F-EBD6158F384B}"
EndProject
Project("{FAE04EC0-301F-11D3-BF4B-00C04F79EFBC}") = "fsCockpit", "fsCockpit\fsCockpit.csproj", "{0DDB3E09-FB6C-4662-ACC3-082802321F79}"
EndProject
Project("{FAE04EC0-301F-11D3-BF4B-00C04F79EFBC}") = "RacingData", "RacingData\RacingData.csproj", "{777D123E-48AB-4E34-AE06-BA9E5EDFA65B}"
EndProject
Project("{FAE04EC0-301F-11D3-BF4B-00C04F79EFBC}") = "JHFMGS", "JHFMGS\JHFMGS.csproj", "{7354A579-5930-40E0-9242-C050AA577A62}"
EndProject
Global
	GlobalSection(SolutionConfigurationPlatforms) = preSolution
		Debug|Any CPU = Debug|Any CPU
		Debug|x86 = Debug|x86
		Release|Any CPU = Release|Any CPU
		Release|x86 = Release|x86
	EndGlobalSection
	GlobalSection(ProjectConfigurationPlatforms) = postSolution
		{AB355C69-16BF-4537-BC82-44C89E03DB07}.Debug|Any CPU.ActiveCfg = Debug|Any CPU
		{AB355C69-16BF-4537-BC82-44C89E03DB07}.Debug|Any CPU.Build.0 = Debug|Any CPU
		{AB355C69-16BF-4537-BC82-44C89E03DB07}.Debug|x86.ActiveCfg = Debug|Any CPU
		{AB355C69-16BF-4537-BC82-44C89E03DB07}.Release|Any CPU.ActiveCfg = Release|Any CPU
		{AB355C69-16BF-4537-BC82-44C89E03DB07}.Release|Any CPU.Build.0 = Release|Any CPU
		{AB355C69-16BF-4537-BC82-44C89E03DB07}.Release|x86.ActiveCfg = Release|Any CPU
		{DE369161-CA79-4C0D-BD34-2CA4D1925182}.Debug|Any CPU.ActiveCfg = Debug|Any CPU
		{DE369161-CA79-4C0D-BD34-2CA4D1925182}.Debug|Any CPU.Build.0 = Debug|Any CPU
		{DE369161-CA79-4C0D-BD34-2CA4D1925182}.Debug|x86.ActiveCfg = Debug|Any CPU
		{DE369161-CA79-4C0D-BD34-2CA4D1925182}.Release|Any CPU.ActiveCfg = Release|Any CPU
		{DE369161-CA79-4C0D-BD34-2CA4D1925182}.Release|Any CPU.Build.0 = Release|Any CPU
		{DE369161-CA79-4C0D-BD34-2CA4D1925182}.Release|x86.ActiveCfg = Release|Any CPU
		{C5B862EC-DEB8-40DC-BEED-DB6C51937628}.Debug|Any CPU.ActiveCfg = Debug|Any CPU
		{C5B862EC-DEB8-40DC-BEED-DB6C51937628}.Debug|Any CPU.Build.0 = Debug|Any CPU
		{C5B862EC-DEB8-40DC-BEED-DB6C51937628}.Debug|x86.ActiveCfg = Debug|Any CPU
		{C5B862EC-DEB8-40DC-BEED-DB6C51937628}.Release|Any CPU.ActiveCfg = Release|Any CPU
		{C5B862EC-DEB8-40DC-BEED-DB6C51937628}.Release|Any CPU.Build.0 = Release|Any CPU
		{C5B862EC-DEB8-40DC-BEED-DB6C51937628}.Release|x86.ActiveCfg = Release|Any CPU
		{517B3271-D944-4FCF-90B8-EC0464E9C23C}.Debug|Any CPU.ActiveCfg = Debug|Any CPU
		{517B3271-D944-4FCF-90B8-EC0464E9C23C}.Debug|Any CPU.Build.0 = Debug|Any CPU
		{517B3271-D944-4FCF-90B8-EC0464E9C23C}.Debug|x86.ActiveCfg = Debug|Any CPU
		{517B3271-D944-4FCF-90B8-EC0464E9C23C}.Release|Any CPU.ActiveCfg = Release|Any CPU
		{517B3271-D944-4FCF-90B8-EC0464E9C23C}.Release|Any CPU.Build.0 = Release|Any CPU
		{517B3271-D944-4FCF-90B8-EC0464E9C23C}.Release|x86.ActiveCfg = Release|Any CPU
		{860D8755-A37A-46B8-AA91-5E7459DA38FA}.Debug|Any CPU.ActiveCfg = Debug|Any CPU
		{860D8755-A37A-46B8-AA91-5E7459DA38FA}.Debug|Any CPU.Build.0 = Debug|Any CPU
		{860D8755-A37A-46B8-AA91-5E7459DA38FA}.Debug|x86.ActiveCfg = Debug|Any CPU
		{860D8755-A37A-46B8-AA91-5E7459DA38FA}.Release|Any CPU.ActiveCfg = Release|Any CPU
		{860D8755-A37A-46B8-AA91-5E7459DA38FA}.Release|Any CPU.Build.0 = Release|Any CPU
		{860D8755-A37A-46B8-AA91-5E7459DA38FA}.Release|x86.ActiveCfg = Release|Any CPU
		{46B1BFF6-2C53-4E02-B67A-7559AC206C07}.Debug|Any CPU.ActiveCfg = Debug|Any CPU
		{46B1BFF6-2C53-4E02-B67A-7559AC206C07}.Debug|Any CPU.Build.0 = Debug|Any CPU
		{46B1BFF6-2C53-4E02-B67A-7559AC206C07}.Debug|x86.ActiveCfg = Debug|Any CPU
		{46B1BFF6-2C53-4E02-B67A-7559AC206C07}.Release|Any CPU.ActiveCfg = Release|Any CPU
		{46B1BFF6-2C53-4E02-B67A-7559AC206C07}.Release|Any CPU.Build.0 = Release|Any CPU
		{46B1BFF6-2C53-4E02-B67A-7559AC206C07}.Release|x86.ActiveCfg = Release|Any CPU
		{99698200-ED0F-42F0-9FF0-531900F6C61B}.Debug|Any CPU.ActiveCfg = Debug|Any CPU
		{99698200-ED0F-42F0-9FF0-531900F6C61B}.Debug|Any CPU.Build.0 = Debug|Any CPU
		{99698200-ED0F-42F0-9FF0-531900F6C61B}.Debug|x86.ActiveCfg = Debug|Any CPU
		{99698200-ED0F-42F0-9FF0-531900F6C61B}.Release|Any CPU.ActiveCfg = Release|Any CPU
		{99698200-ED0F-42F0-9FF0-531900F6C61B}.Release|Any CPU.Build.0 = Release|Any CPU
		{99698200-ED0F-42F0-9FF0-531900F6C61B}.Release|x86.ActiveCfg = Release|Any CPU
		{7EBA409C-3EF5-4FA7-9C19-029C75AFE967}.Debug|Any CPU.ActiveCfg = Debug|Any CPU
		{7EBA409C-3EF5-4FA7-9C19-029C75AFE967}.Debug|Any CPU.Build.0 = Debug|Any CPU
		{7EBA409C-3EF5-4FA7-9C19-029C75AFE967}.Debug|x86.ActiveCfg = Debug|Any CPU
		{7EBA409C-3EF5-4FA7-9C19-029C75AFE967}.Release|Any CPU.ActiveCfg = Release|Any CPU
		{7EBA409C-3EF5-4FA7-9C19-029C75AFE967}.Release|Any CPU.Build.0 = Release|Any CPU
		{7EBA409C-3EF5-4FA7-9C19-029C75AFE967}.Release|x86.ActiveCfg = Release|Any CPU
		{CBEAD09B-5973-41F4-9A55-BB68C1FE3E20}.Debug|Any CPU.ActiveCfg = Debug|Any CPU
		{CBEAD09B-5973-41F4-9A55-BB68C1FE3E20}.Debug|Any CPU.Build.0 = Debug|Any CPU
		{CBEAD09B-5973-41F4-9A55-BB68C1FE3E20}.Debug|x86.ActiveCfg = Debug|Any CPU
		{CBEAD09B-5973-41F4-9A55-BB68C1FE3E20}.Release|Any CPU.ActiveCfg = Release|Any CPU
		{CBEAD09B-5973-41F4-9A55-BB68C1FE3E20}.Release|Any CPU.Build.0 = Release|Any CPU
		{CBEAD09B-5973-41F4-9A55-BB68C1FE3E20}.Release|x86.ActiveCfg = Release|Any CPU
		{04F0B502-046F-48F3-AA93-1C2633593126}.Debug|Any CPU.ActiveCfg = Debug|Any CPU
		{04F0B502-046F-48F3-AA93-1C2633593126}.Debug|Any CPU.Build.0 = Debug|Any CPU
		{04F0B502-046F-48F3-AA93-1C2633593126}.Debug|x86.ActiveCfg = Debug|Any CPU
		{04F0B502-046F-48F3-AA93-1C2633593126}.Release|Any CPU.ActiveCfg = Release|Any CPU
		{04F0B502-046F-48F3-AA93-1C2633593126}.Release|Any CPU.Build.0 = Release|Any CPU
		{04F0B502-046F-48F3-AA93-1C2633593126}.Release|x86.ActiveCfg = Release|Any CPU
		{84FDE43B-F0D2-44BB-9F1C-E7B0FDA011C1}.Debug|Any CPU.ActiveCfg = Debug|Any CPU
		{84FDE43B-F0D2-44BB-9F1C-E7B0FDA011C1}.Debug|Any CPU.Build.0 = Debug|Any CPU
		{84FDE43B-F0D2-44BB-9F1C-E7B0FDA011C1}.Debug|x86.ActiveCfg = Debug|Any CPU
		{84FDE43B-F0D2-44BB-9F1C-E7B0FDA011C1}.Release|Any CPU.ActiveCfg = Release|Any CPU
		{84FDE43B-F0D2-44BB-9F1C-E7B0FDA011C1}.Release|Any CPU.Build.0 = Release|Any CPU
		{84FDE43B-F0D2-44BB-9F1C-E7B0FDA011C1}.Release|x86.ActiveCfg = Release|Any CPU
		{3ECF7CE3-D94F-447E-A530-3DA6B269C6BA}.Debug|Any CPU.ActiveCfg = Debug|Any CPU
		{3ECF7CE3-D94F-447E-A530-3DA6B269C6BA}.Debug|Any CPU.Build.0 = Debug|Any CPU
		{3ECF7CE3-D94F-447E-A530-3DA6B269C6BA}.Debug|x86.ActiveCfg = Debug|Any CPU
		{3ECF7CE3-D94F-447E-A530-3DA6B269C6BA}.Release|Any CPU.ActiveCfg = Release|Any CPU
		{3ECF7CE3-D94F-447E-A530-3DA6B269C6BA}.Release|Any CPU.Build.0 = Release|Any CPU
		{3ECF7CE3-D94F-447E-A530-3DA6B269C6BA}.Release|x86.ActiveCfg = Release|Any CPU
		{D0AE9027-0004-4344-A4C2-5C94C177FB29}.Debug|Any CPU.ActiveCfg = Debug|Any CPU
		{D0AE9027-0004-4344-A4C2-5C94C177FB29}.Debug|Any CPU.Build.0 = Debug|Any CPU
		{D0AE9027-0004-4344-A4C2-5C94C177FB29}.Debug|x86.ActiveCfg = Debug|Any CPU
		{D0AE9027-0004-4344-A4C2-5C94C177FB29}.Release|Any CPU.ActiveCfg = Release|Any CPU
		{D0AE9027-0004-4344-A4C2-5C94C177FB29}.Release|Any CPU.Build.0 = Release|Any CPU
		{D0AE9027-0004-4344-A4C2-5C94C177FB29}.Release|x86.ActiveCfg = Release|Any CPU
		{A12A410A-6F55-4123-9FD8-3E999AADDC3F}.Debug|Any CPU.ActiveCfg = Debug|Any CPU
		{A12A410A-6F55-4123-9FD8-3E999AADDC3F}.Debug|Any CPU.Build.0 = Debug|Any CPU
		{A12A410A-6F55-4123-9FD8-3E999AADDC3F}.Debug|x86.ActiveCfg = Debug|Any CPU
		{A12A410A-6F55-4123-9FD8-3E999AADDC3F}.Release|Any CPU.ActiveCfg = Release|Any CPU
		{A12A410A-6F55-4123-9FD8-3E999AADDC3F}.Release|Any CPU.Build.0 = Release|Any CPU
		{A12A410A-6F55-4123-9FD8-3E999AADDC3F}.Release|x86.ActiveCfg = Release|Any CPU
		{5075794E-4439-4C93-AC6B-8597FE930FB1}.Debug|Any CPU.ActiveCfg = Debug|Any CPU
		{5075794E-4439-4C93-AC6B-8597FE930FB1}.Debug|Any CPU.Build.0 = Debug|Any CPU
		{5075794E-4439-4C93-AC6B-8597FE930FB1}.Debug|x86.ActiveCfg = Debug|Any CPU
		{5075794E-4439-4C93-AC6B-8597FE930FB1}.Release|Any CPU.ActiveCfg = Release|Any CPU
		{5075794E-4439-4C93-AC6B-8597FE930FB1}.Release|Any CPU.Build.0 = Release|Any CPU
		{5075794E-4439-4C93-AC6B-8597FE930FB1}.Release|x86.ActiveCfg = Release|Any CPU
		{F1F45187-8C68-4C16-88AF-FA9AA6D9A36B}.Debug|Any CPU.ActiveCfg = Debug|Any CPU
		{F1F45187-8C68-4C16-88AF-FA9AA6D9A36B}.Debug|Any CPU.Build.0 = Debug|Any CPU
		{F1F45187-8C68-4C16-88AF-FA9AA6D9A36B}.Debug|x86.ActiveCfg = Debug|Any CPU
		{F1F45187-8C68-4C16-88AF-FA9AA6D9A36B}.Release|Any CPU.ActiveCfg = Release|Any CPU
		{F1F45187-8C68-4C16-88AF-FA9AA6D9A36B}.Release|Any CPU.Build.0 = Release|Any CPU
		{F1F45187-8C68-4C16-88AF-FA9AA6D9A36B}.Release|x86.ActiveCfg = Release|Any CPU
		{9DFD7411-1FCA-40D6-8A3C-ECCB4C8D3B38}.Debug|Any CPU.ActiveCfg = Debug|Any CPU
		{9DFD7411-1FCA-40D6-8A3C-ECCB4C8D3B38}.Debug|Any CPU.Build.0 = Debug|Any CPU
		{9DFD7411-1FCA-40D6-8A3C-ECCB4C8D3B38}.Debug|x86.ActiveCfg = Debug|Any CPU
		{9DFD7411-1FCA-40D6-8A3C-ECCB4C8D3B38}.Release|Any CPU.ActiveCfg = Release|Any CPU
		{9DFD7411-1FCA-40D6-8A3C-ECCB4C8D3B38}.Release|Any CPU.Build.0 = Release|Any CPU
		{9DFD7411-1FCA-40D6-8A3C-ECCB4C8D3B38}.Release|x86.ActiveCfg = Release|Any CPU
		{1FE3580E-6B00-4F68-81CB-199FD5A17368}.Debug|Any CPU.ActiveCfg = Debug|x86
		{1FE3580E-6B00-4F68-81CB-199FD5A17368}.Debug|x86.ActiveCfg = Debug|x86
		{1FE3580E-6B00-4F68-81CB-199FD5A17368}.Debug|x86.Build.0 = Debug|x86
		{1FE3580E-6B00-4F68-81CB-199FD5A17368}.Release|Any CPU.ActiveCfg = Release|x86
		{1FE3580E-6B00-4F68-81CB-199FD5A17368}.Release|x86.ActiveCfg = Release|x86
		{1FE3580E-6B00-4F68-81CB-199FD5A17368}.Release|x86.Build.0 = Release|x86
		{A74C5D53-7001-4DE4-B33B-E8FB5921D94F}.Debug|Any CPU.ActiveCfg = Debug|Any CPU
		{A74C5D53-7001-4DE4-B33B-E8FB5921D94F}.Debug|Any CPU.Build.0 = Debug|Any CPU
		{A74C5D53-7001-4DE4-B33B-E8FB5921D94F}.Debug|x86.ActiveCfg = Debug|Any CPU
		{A74C5D53-7001-4DE4-B33B-E8FB5921D94F}.Release|Any CPU.ActiveCfg = Release|Any CPU
		{A74C5D53-7001-4DE4-B33B-E8FB5921D94F}.Release|Any CPU.Build.0 = Release|Any CPU
		{A74C5D53-7001-4DE4-B33B-E8FB5921D94F}.Release|x86.ActiveCfg = Release|Any CPU
		{E2449A60-B32F-4C4D-855E-7F7C42305A99}.Debug|Any CPU.ActiveCfg = Debug|Any CPU
		{E2449A60-B32F-4C4D-855E-7F7C42305A99}.Debug|Any CPU.Build.0 = Debug|Any CPU
		{E2449A60-B32F-4C4D-855E-7F7C42305A99}.Debug|x86.ActiveCfg = Debug|Any CPU
		{E2449A60-B32F-4C4D-855E-7F7C42305A99}.Release|Any CPU.ActiveCfg = Release|Any CPU
		{E2449A60-B32F-4C4D-855E-7F7C42305A99}.Release|Any CPU.Build.0 = Release|Any CPU
		{E2449A60-B32F-4C4D-855E-7F7C42305A99}.Release|x86.ActiveCfg = Release|Any CPU
		{7069571E-06C9-4CBE-B7CF-5AB322DB9B3E}.Debug|Any CPU.ActiveCfg = Debug|Any CPU
		{7069571E-06C9-4CBE-B7CF-5AB322DB9B3E}.Debug|Any CPU.Build.0 = Debug|Any CPU
		{7069571E-06C9-4CBE-B7CF-5AB322DB9B3E}.Debug|x86.ActiveCfg = Debug|Any CPU
		{7069571E-06C9-4CBE-B7CF-5AB322DB9B3E}.Release|Any CPU.ActiveCfg = Release|Any CPU
		{7069571E-06C9-4CBE-B7CF-5AB322DB9B3E}.Release|Any CPU.Build.0 = Release|Any CPU
		{7069571E-06C9-4CBE-B7CF-5AB322DB9B3E}.Release|x86.ActiveCfg = Release|Any CPU
		{192EA024-376D-4DA9-817F-EBD6158F384B}.Debug|Any CPU.ActiveCfg = Debug|Any CPU
		{192EA024-376D-4DA9-817F-EBD6158F384B}.Debug|Any CPU.Build.0 = Debug|Any CPU
		{192EA024-376D-4DA9-817F-EBD6158F384B}.Debug|x86.ActiveCfg = Debug|Any CPU
		{192EA024-376D-4DA9-817F-EBD6158F384B}.Release|Any CPU.ActiveCfg = Release|Any CPU
		{192EA024-376D-4DA9-817F-EBD6158F384B}.Release|Any CPU.Build.0 = Release|Any CPU
		{192EA024-376D-4DA9-817F-EBD6158F384B}.Release|x86.ActiveCfg = Release|Any CPU
		{0DDB3E09-FB6C-4662-ACC3-082802321F79}.Debug|Any CPU.ActiveCfg = Debug|Any CPU
		{0DDB3E09-FB6C-4662-ACC3-082802321F79}.Debug|Any CPU.Build.0 = Debug|Any CPU
		{0DDB3E09-FB6C-4662-ACC3-082802321F79}.Debug|x86.ActiveCfg = Debug|Any CPU
		{0DDB3E09-FB6C-4662-ACC3-082802321F79}.Release|Any CPU.ActiveCfg = Release|Any CPU
		{0DDB3E09-FB6C-4662-ACC3-082802321F79}.Release|Any CPU.Build.0 = Release|Any CPU
		{0DDB3E09-FB6C-4662-ACC3-082802321F79}.Release|x86.ActiveCfg = Release|Any CPU
		{777D123E-48AB-4E34-AE06-BA9E5EDFA65B}.Debug|Any CPU.ActiveCfg = Debug|Any CPU
		{777D123E-48AB-4E34-AE06-BA9E5EDFA65B}.Debug|Any CPU.Build.0 = Debug|Any CPU
		{777D123E-48AB-4E34-AE06-BA9E5EDFA65B}.Debug|x86.ActiveCfg = Debug|Any CPU
		{777D123E-48AB-4E34-AE06-BA9E5EDFA65B}.Release|Any CPU.ActiveCfg = Release|Any CPU
		{777D123E-48AB-4E34-AE06-BA9E5EDFA65B}.Release|Any CPU.Build.0 = Release|Any CPU
		{777D123E-48AB-4E34-AE06-BA9E5EDFA65B}.Release|x86.ActiveCfg = Release|Any CPU
		{7354A579-5930-40E0-9242-C050AA577A62}.Debug|Any CPU.ActiveCfg = Debug|x86
		{7354A579-5930-40E0-9242-C050AA577A62}.Debug|Any CPU.Build.0 = Debug|x86
		{7354A579-5930-40E0-9242-C050AA577A62}.Debug|x86.ActiveCfg = Debug|x86
		{7354A579-5930-40E0-9242-C050AA577A62}.Debug|x86.Build.0 = Debug|x86
		{7354A579-5930-40E0-9242-C050AA577A62}.Release|Any CPU.ActiveCfg = Release|x86
		{7354A579-5930-40E0-9242-C050AA577A62}.Release|Any CPU.Build.0 = Release|x86
		{7354A579-5930-40E0-9242-C050AA577A62}.Release|x86.ActiveCfg = Release|x86
		{7354A579-5930-40E0-9242-C050AA577A62}.Release|x86.Build.0 = Release|x86
	EndGlobalSection
	GlobalSection(SolutionProperties) = preSolution
		HideSolutionNode = FALSE
	EndGlobalSection
EndGlobal
